{
  "name": "@ycmfe/vue-cli-plugin-cactus-points",
  "version": "1.0.1",
  "lockfileVersion": 2,
  "requires": true,
  "packages": {
    "": {
      "name": "@ycmfe/vue-cli-plugin-cactus-points",
      "version": "1.0.1",
      "license": "MIT",
      "dependencies": {
        "prettier": "^2.2.1"
      }
    },
    "node_modules/prettier": {
      "version": "2.2.1",
      "resolved": "https://npm.yc345.tv/prettier/-/prettier-2.2.1.tgz",
      "integrity": "sha1-eVoaeN1S8HPaDNQrIfnJE4GSP/U=",
      "license": "MIT",
      "bin": {
        "prettier": "bin-prettier.js"
      },
      "engines": {
        "node": ">=10.13.0"
      }
    }
  },
  "dependencies": {
    "prettier": {
      "version": "2.2.1",
      "resolved": "https://npm.yc345.tv/prettier/-/prettier-2.2.1.tgz",
      "integrity": "sha1-eVoaeN1S8HPaDNQrIfnJE4GSP/U="
    }
  }
}
